
Microsoft Visual Studio Solution File, Format Version 12.00
# Visual Studio Version 17
VisualStudioVersion = 17.1.32210.238
MinimumVisualStudioVersion = 10.0.40219.1
Project("{8BC9CEB8-8B4A-11D0-8D11-00A0C91BC942}") = "PresentWorld Engine", "PresentWorld Engine.vcxproj", "{EDE4A1A5-35B7-45E3-A536-633D0CC55220}"
EndProject
Global
	GlobalSection(SolutionConfigurationPlatforms) = preSolution
		Debug|x64 = Debug|x64
		Debug|x86 = Debug|x86
		Release|x64 = Release|x64
		Release|x86 = Release|x86
	EndGlobalSection
	GlobalSection(ProjectConfigurationPlatforms) = postSolution
		{EDE4A1A5-35B7-45E3-A536-633D0CC55220}.Debug|x64.ActiveCfg = Debug|x64
		{EDE4A1A5-35B7-45E3-A536-633D0CC55220}.Debug|x64.Build.0 = Debug|x64
		{EDE4A1A5-35B7-45E3-A536-633D0CC55220}.Debug|x86.ActiveCfg = Debug|Win32
		{EDE4A1A5-35B7-45E3-A536-633D0CC55220}.Debug|x86.Build.0 = Debug|Win32
		{EDE4A1A5-35B7-45E3-A536-633D0CC55220}.Release|x64.ActiveCfg = Release|x64
		{EDE4A1A5-35B7-45E3-A536-633D0CC55220}.Release|x64.Build.0 = Release|x64
		{EDE4A1A5-35B7-45E3-A536-633D0CC55220}.Release|x86.ActiveCfg = Release|Win32
		{EDE4A1A5-35B7-45E3-A536-633D0CC55220}.Release|x86.Build.0 = Release|Win32
	EndGlobalSection
	GlobalSection(SolutionProperties) = preSolution
		HideSolutionNode = FALSE
	EndGlobalSection
	GlobalSection(ExtensibilityGlobals) = postSolution
		SolutionGuid = {5CAE19C6-EB74-4652-83A1-91F7B30246A1}
	EndGlobalSection
EndGlobal
